
Microsoft Visual Studio Solution File, Format Version 12.00
# Visual Studio 15
VisualStudioVersion = 15.0.26730.16
MinimumVisualStudioVersion = 10.0.40219.1
Project("{FAE04EC0-301F-11D3-BF4B-00C04F79EFBC}") = "page-scrolling", "page-scrolling\page-scrolling.csproj", "{6AACD104-3145-4B00-9D34-80C2AF6BAE0E}"
EndProject
Global
	GlobalSection(SolutionConfigurationPlatforms) = preSolution
		Debug|Any CPU = Debug|Any CPU
		Release|Any CPU = Release|Any CPU
	EndGlobalSection
	GlobalSection(ProjectConfigurationPlatforms) = postSolution
		{6AACD104-3145-4B00-9D34-80C2AF6BAE0E}.Debug|Any CPU.ActiveCfg = Debug|Any CPU
		{6AACD104-3145-4B00-9D34-80C2AF6BAE0E}.Debug|Any CPU.Build.0 = Debug|Any CPU
		{6AACD104-3145-4B00-9D34-80C2AF6BAE0E}.Release|Any CPU.ActiveCfg = Release|Any CPU
		{6AACD104-3145-4B00-9D34-80C2AF6BAE0E}.Release|Any CPU.Build.0 = Release|Any CPU
	EndGlobalSection
	GlobalSection(SolutionProperties) = preSolution
		HideSolutionNode = FALSE
	EndGlobalSection
	GlobalSection(ExtensibilityGlobals) = postSolution
		SolutionGuid = {73705425-FC56-4597-B5AC-2C8EBAEEA8CA}
	EndGlobalSection
EndGlobal
